// !$*UTF8*$!
{
	archiveVersion = 1;
	classes = {
	};
	objectVersion = 48;
	objects = {

/* Begin PBXBuildFile section */
		2CE270B320A6F9D200E8F624 /* WMGaugeViewStyleFlatThin.h in Headers */ = {isa = PBXBuildFile; fileRef = 2CE270AA20A6F9D100E8F624 /* WMGaugeViewStyleFlatThin.h */; };
		2CE270B420A6F9D200E8F624 /* GaugeViewController.h in Headers */ = {isa = PBXBuildFile; fileRef = 2CE270AB20A6F9D100E8F624 /* GaugeViewController.h */; settings = {ATTRIBUTES = (Public, ); }; };
		2CE270B520A6F9D200E8F624 /* GaugeViewController.m in Sources */ = {isa = PBXBuildFile; fileRef = 2CE270AC20A6F9D100E8F624 /* GaugeViewController.m */; };
		2CE270B620A6F9D200E8F624 /* WMGaugeView.m in Sources */ = {isa = PBXBuildFile; fileRef = 2CE270AD20A6F9D100E8F624 /* WMGaugeView.m */; };
		2CE270B720A6F9D200E8F624 /* WMGaugeViewStyleFlatThin.m in Sources */ = {isa = PBXBuildFile; fileRef = 2CE270AE20A6F9D100E8F624 /* WMGaugeViewStyleFlatThin.m */; };
		2CE270B920A6F9D200E8F624 /* WMGaugeViewStyle.h in Headers */ = {isa = PBXBuildFile; fileRef = 2CE270B020A6F9D100E8F624 /* WMGaugeViewStyle.h */; };
		2CE270BA20A6F9D200E8F624 /* GaugeView.h in Headers */ = {isa = PBXBuildFile; fileRef = 2CE270B120A6F9D100E8F624 /* GaugeView.h */; settings = {ATTRIBUTES = (Public, ); }; };
		2CE270BB20A6F9D200E8F624 /* WMGaugeView.h in Headers */ = {isa = PBXBuildFile; fileRef = 2CE270B220A6F9D200E8F624 /* WMGaugeView.h */; };
/* End PBXBuildFile section */

/* Begin PBXFileReference section */
		2C1539C02030CC1D00D12CDA /* GaugeView.framework */ = {isa = PBXFileReference; explicitFileType = wrapper.framework; includeInIndex = 0; path = GaugeView.framework; sourceTree = BUILT_PRODUCTS_DIR; };
		2CE270AA20A6F9D100E8F624 /* WMGaugeViewStyleFlatThin.h */ = {isa = PBXFileReference; fileEncoding = 4; lastKnownFileType = sourcecode.c.h; path = WMGaugeViewStyleFlatThin.h; sourceTree = "<group>"; };
		2CE270AB20A6F9D100E8F624 /* GaugeViewController.h */ = {isa = PBXFileReference; fileEncoding = 4; lastKnownFileType = sourcecode.c.h; path = GaugeViewController.h; sourceTree = "<group>"; };
		2CE270AC20A6F9D100E8F624 /* GaugeViewController.m */ = {isa = PBXFileReference; fileEncoding = 4; lastKnownFileType = sourcecode.c.objc; path = GaugeViewController.m; sourceTree = "<group>"; };
		2CE270AD20A6F9D100E8F624 /* WMGaugeView.m */ = {isa = PBXFileReference; fileEncoding = 4; lastKnownFileType = sourcecode.c.objc; path = WMGaugeView.m; sourceTree = "<group>"; };
		2CE270AE20A6F9D100E8F624 /* WMGaugeViewStyleFlatThin.m */ = {isa = PBXFileReference; fileEncoding = 4; lastKnownFileType = sourcecode.c.objc; path = WMGaugeViewStyleFlatThin.m; sourceTree = "<group>"; };
		2CE270AF20A6F9D100E8F624 /* Info.plist */ = {isa = PBXFileReference; fileEncoding = 4; lastKnownFileType = text.plist.xml; path = Info.plist; sourceTree = "<group>"; };
		2CE270B020A6F9D100E8F624 /* WMGaugeViewStyle.h */ = {isa = PBXFileReference; fileEncoding = 4; lastKnownFileType = sourcecode.c.h; path = WMGaugeViewStyle.h; sourceTree = "<group>"; };
		2CE270B120A6F9D100E8F624 /* GaugeView.h */ = {isa = PBXFileReference; fileEncoding = 4; lastKnownFileType = sourcecode.c.h; path = GaugeView.h; sourceTree = "<group>"; };
		2CE270B220A6F9D200E8F624 /* WMGaugeView.h */ = {isa = PBXFileReference; fileEncoding = 4; lastKnownFileType = sourcecode.c.h; path = WMGaugeView.h; sourceTree = "<group>"; };
/* End PBXFileReference section */

/* Begin PBXFrameworksBuildPhase section */
		2C1539BC2030CC1D00D12CDA /* Frameworks */ = {
			isa = PBXFrameworksBuildPhase;
			buildActionMask = 2147483647;
			files = (
			);
			runOnlyForDeploymentPostprocessing = 0;
		};
/* End PBXFrameworksBuildPhase section */

/* Begin PBXGroup section */
		2C1539B62030CC1D00D12CDA = {
			isa = PBXGroup;
			children = (
				2CE270B120A6F9D100E8F624 /* GaugeView.h */,
				2CE270AB20A6F9D100E8F624 /* GaugeViewController.h */,
				2CE270AC20A6F9D100E8F624 /* GaugeViewController.m */,
				2CE270BC20A6FA5600E8F624 /* GaugeView */,
				2C1539C12030CC1D00D12CDA /* Products */,
			);
			sourceTree = "<group>";
		};
		2C1539C12030CC1D00D12CDA /* Products */ = {
			isa = PBXGroup;
			children = (
				2C1539C02030CC1D00D12CDA /* GaugeView.framework */,
			);
			name = Products;
			sourceTree = "<group>";
		};
		2CE270BC20A6FA5600E8F624 /* GaugeView */ = {
			isa = PBXGroup;
			children = (
				2CE270AF20A6F9D100E8F624 /* Info.plist */,
				2CE270B220A6F9D200E8F624 /* WMGaugeView.h */,
				2CE270AD20A6F9D100E8F624 /* WMGaugeView.m */,
				2CE270B020A6F9D100E8F624 /* WMGaugeViewStyle.h */,
				2CE270AA20A6F9D100E8F624 /* WMGaugeViewStyleFlatThin.h */,
				2CE270AE20A6F9D100E8F624 /* WMGaugeViewStyleFlatThin.m */,
			);
			path = GaugeView;
			sourceTree = "<group>";
		};
/* End PBXGroup section */

/* Begin PBXHeadersBuildPhase section */
		2C1539BD2030CC1D00D12CDA /* Headers */ = {
			isa = PBXHeadersBuildPhase;
			buildActionMask = 2147483647;
			files = (
				2CE270B320A6F9D200E8F624 /* WMGaugeViewStyleFlatThin.h in Headers */,
				2CE270BA20A6F9D200E8F624 /* GaugeView.h in Headers */,
				2CE270BB20A6F9D200E8F624 /* WMGaugeView.h in Headers */,
				2CE270B420A6F9D200E8F624 /* GaugeViewController.h in Headers */,
				2CE270B920A6F9D200E8F624 /* WMGaugeViewStyle.h in Headers */,
			);
			runOnlyForDeploymentPostprocessing = 0;
		};
/* End PBXHeadersBuildPhase section */

/* Begin PBXNativeTarget section */
		2C1539BF2030CC1D00D12CDA /* GaugeView */ = {
			isa = PBXNativeTarget;
			buildConfigurationList = 2C1539C82030CC1D00D12CDA /* Build configuration list for PBXNativeTarget "GaugeView" */;
			buildPhases = (
				2C1539BB2030CC1D00D12CDA /* Sources */,
				2C1539BC2030CC1D00D12CDA /* Frameworks */,
				2C1539BD2030CC1D00D12CDA /* Headers */,
				2C1539BE2030CC1D00D12CDA /* Resources */,
			);
			buildRules = (
			);
			dependencies = (
			);
			name = GaugeView;
			productName = GaugeView;
			productReference = 2C1539C02030CC1D00D12CDA /* GaugeView.framework */;
			productType = "com.apple.product-type.framework";
		};
/* End PBXNativeTarget section */

/* Begin PBXProject section */
		2C1539B72030CC1D00D12CDA /* Project object */ = {
			isa = PBXProject;
			attributes = {
				LastUpgradeCheck = 0930;
				ORGANIZATIONNAME = ran;
				TargetAttributes = {
					2C1539BF2030CC1D00D12CDA = {
						CreatedOnToolsVersion = 9.2;
						ProvisioningStyle = Automatic;
					};
				};
			};
			buildConfigurationList = 2C1539BA2030CC1D00D12CDA /* Build configuration list for PBXProject "GaugeView" */;
			compatibilityVersion = "Xcode 8.0";
			developmentRegion = en;
			hasScannedForEncodings = 0;
			knownRegions = (
				en,
			);
			mainGroup = 2C1539B62030CC1D00D12CDA;
			productRefGroup = 2C1539C12030CC1D00D12CDA /* Products */;
			projectDirPath = "";
			projectRoot = "";
			targets = (
				2C1539BF2030CC1D00D12CDA /* GaugeView */,
			);
		};
/* End PBXProject section */

/* Begin PBXResourcesBuildPhase section */
		2C1539BE2030CC1D00D12CDA /* Resources */ = {
			isa = PBXResourcesBuildPhase;
			buildActionMask = 2147483647;
			files = (
			);
			runOnlyForDeploymentPostprocessing = 0;
		};
/* End PBXResourcesBuildPhase section */

/* Begin PBXSourcesBuildPhase section */
		2C1539BB2030CC1D00D12CDA /* Sources */ = {
			isa = PBXSourcesBuildPhase;
			buildActionMask = 2147483647;
			files = (
				2CE270B620A6F9D200E8F624 /* WMGaugeView.m in Sources */,
				2CE270B720A6F9D200E8F624 /* WMGaugeViewStyleFlatThin.m in Sources */,
				2CE270B520A6F9D200E8F624 /* GaugeViewController.m in Sources */,
			);
			runOnlyForDeploymentPostprocessing = 0;
		};
/* End PBXSourcesBuildPhase section */

/* Begin XCBuildConfiguration section */
		2C1539C62030CC1D00D12CDA /* Debug */ = {
			isa = XCBuildConfiguration;
			buildSettings = {
				ALWAYS_SEARCH_USER_PATHS = NO;
				CLANG_ANALYZER_NONNULL = YES;
				CLANG_ANALYZER_NUMBER_OBJECT_CONVERSION = YES_AGGRESSIVE;
				CLANG_CXX_LANGUAGE_STANDARD = "gnu++14";
				CLANG_CXX_LIBRARY = "libc++";
				CLANG_ENABLE_MODULES = YES;
				CLANG_ENABLE_OBJC_ARC = YES;
				CLANG_WARN_BLOCK_CAPTURE_AUTORELEASING = YES;
				CLANG_WARN_BOOL_CONVERSION = YES;
				CLANG_WARN_COMMA = YES;
				CLANG_WARN_CONSTANT_CONVERSION = YES;
				CLANG_WARN_DEPRECATED_OBJC_IMPLEMENTATIONS = YES;
				CLANG_WARN_DIRECT_OBJC_ISA_USAGE = YES_ERROR;
				CLANG_WARN_DOCUMENTATION_COMMENTS = YES;
				CLANG_WARN_EMPTY_BODY = YES;
				CLANG_WARN_ENUM_CONVERSION = YES;
				CLANG_WARN_INFINITE_RECURSION = YES;
				CLANG_WARN_INT_CONVERSION = YES;
				CLANG_WARN_NON_LITERAL_NULL_CONVERSION = YES;
				CLANG_WARN_OBJC_IMPLICIT_RETAIN_SELF = YES;
				CLANG_WARN_OBJC_LITERAL_CONVERSION = YES;
				CLANG_WARN_OBJC_ROOT_CLASS = YES_ERROR;
				CLANG_WARN_RANGE_LOOP_ANALYSIS = YES;
				CLANG_WARN_STRICT_PROTOTYPES = YES;
				CLANG_WARN_SUSPICIOUS_MOVE = YES;
				CLANG_WARN_UNGUARDED_AVAILABILITY = YES_AGGRESSIVE;
				CLANG_WARN_UNREACHABLE_CODE = YES;
				CLANG_WARN__DUPLICATE_METHOD_MATCH = YES;
				CODE_SIGN_IDENTITY = "iPhone Developer";
				COPY_PHASE_STRIP = NO;
				CURRENT_PROJECT_VERSION = 1;
				DEBUG_INFORMATION_FORMAT = dwarf;
				ENABLE_STRICT_OBJC_MSGSEND = YES;
				ENABLE_TESTABILITY = YES;
				GCC_C_LANGUAGE_STANDARD = gnu11;
				GCC_DYNAMIC_NO_PIC = NO;
				GCC_NO_COMMON_BLOCKS = YES;
				GCC_OPTIMIZATION_LEVEL = 0;
				GCC_PREPROCESSOR_DEFINITIONS = (
					"DEBUG=1",
					"$(inherited)",
				);
				GCC_WARN_64_TO_32_BIT_CONVERSION = YES;
				GCC_WARN_ABOUT_RETURN_TYPE = YES_ERROR;
				GCC_WARN_UNDECLARED_SELECTOR = YES;
				GCC_WARN_UNINITIALIZED_AUTOS = YES_AGGRESSIVE;
				GCC_WARN_UNUSED_FUNCTION = YES;
				GCC_WARN_UNUSED_VARIABLE = YES;
				IPHONEOS_DEPLOYMENT_TARGET = 11.2;
				MTL_ENABLE_DEBUG_INFO = YES;
				ONLY_ACTIVE_ARCH = YES;
				SDKROOT = iphoneos;
				VERSIONING_SYSTEM = "apple-generic";
				VERSION_INFO_PREFIX = "";
			};
			name = Debug;
		};
		2C1539C72030CC1D00D12CDA /* Release */ = {
			isa = XCBuildConfiguration;
			buildSettings = {
				ALWAYS_SEARCH_USER_PATHS = NO;
				CLANG_ANALYZER_NONNULL = YES;
				CLANG_ANALYZER_NUMBER_OBJECT_CONVERSION = YES_AGGRESSIVE;
				CLANG_CXX_LANGUAGE_STANDARD = "gnu++14";
				CLANG_CXX_LIBRARY = "libc++";
				CLANG_ENABLE_MODULES = YES;
				CLANG_ENABLE_OBJC_ARC = YES;
				CLANG_WARN_BLOCK_CAPTURE_AUTORELEASING = YES;
				CLANG_WARN_BOOL_CONVERSION = YES;
				CLANG_WARN_COMMA = YES;
				CLANG_WARN_CONSTANT_CONVERSION = YES;
				CLANG_WARN_DEPRECATED_OBJC_IMPLEMENTATIONS = YES;
				CLANG_WARN_DIRECT_OBJC_ISA_USAGE = YES_ERROR;
				CLANG_WARN_DOCUMENTATION_COMMENTS = YES;
				CLANG_WARN_EMPTY_BODY = YES;
				CLANG_WARN_ENUM_CONVERSION = YES;
				CLANG_WARN_INFINITE_RECURSION = YES;
				CLANG_WARN_INT_CONVERSION = YES;
				CLANG_WARN_NON_LITERAL_NULL_CONVERSION = YES;
				CLANG_WARN_OBJC_IMPLICIT_RETAIN_SELF = YES;
				CLANG_WARN_OBJC_LITERAL_CONVERSION = YES;
				CLANG_WARN_OBJC_ROOT_CLASS = YES_ERROR;
				CLANG_WARN_RANGE_LOOP_ANALYSIS = YES;
				CLANG_WARN_STRICT_PROTOTYPES = YES;
				CLANG_WARN_SUSPICIOUS_MOVE = YES;
				CLANG_WARN_UNGUARDED_AVAILABILITY = YES_AGGRESSIVE;
				CLANG_WARN_UNREACHABLE_CODE = YES;
				CLANG_WARN__DUPLICATE_METHOD_MATCH = YES;
				CODE_SIGN_IDENTITY = "iPhone Developer";
				COPY_PHASE_STRIP = NO;
				CURRENT_PROJECT_VERSION = 1;
				DEBUG_INFORMATION_FORMAT = "dwarf-with-dsym";
				ENABLE_NS_ASSERTIONS = NO;
				ENABLE_STRICT_OBJC_MSGSEND = YES;
				GCC_C_LANGUAGE_STANDARD = gnu11;
				GCC_NO_COMMON_BLOCKS = YES;
				GCC_WARN_64_TO_32_BIT_CONVERSION = YES;
				GCC_WARN_ABOUT_RETURN_TYPE = YES_ERROR;
				GCC_WARN_UNDECLARED_SELECTOR = YES;
				GCC_WARN_UNINITIALIZED_AUTOS = YES_AGGRESSIVE;
				GCC_WARN_UNUSED_FUNCTION = YES;
				GCC_WARN_UNUSED_VARIABLE = YES;
				IPHONEOS_DEPLOYMENT_TARGET = 11.2;
				MTL_ENABLE_DEBUG_INFO = NO;
				SDKROOT = iphoneos;
				VALIDATE_PRODUCT = YES;
				VERSIONING_SYSTEM = "apple-generic";
				VERSION_INFO_PREFIX = "";
			};
			name = Release;
		};
		2C1539C92030CC1D00D12CDA /* Debug */ = {
			isa = XCBuildConfiguration;
			buildSettings = {
				CODE_SIGN_IDENTITY = "";
				CODE_SIGN_STYLE = Automatic;
				DEFINES_MODULE = YES;
				DEVELOPMENT_TEAM = 23JSUJ9XPG;
				DYLIB_COMPATIBILITY_VERSION = 1;
				DYLIB_CURRENT_VERSION = 1;
				DYLIB_INSTALL_NAME_BASE = "@rpath";
				GCC_WARN_INHIBIT_ALL_WARNINGS = YES;
				INFOPLIST_FILE = GaugeView/Info.plist;
				INSTALL_PATH = "$(LOCAL_LIBRARY_DIR)/Frameworks";
				IPHONEOS_DEPLOYMENT_TARGET = 9.0;
				LD_RUNPATH_SEARCH_PATHS = "$(inherited) @executable_path/Frameworks @loader_path/Frameworks";
				PRODUCT_BUNDLE_IDENTIFIER = com.ran.GaugeView;
				PRODUCT_NAME = "$(TARGET_NAME:c99extidentifier)";
				SKIP_INSTALL = YES;
				TARGETED_DEVICE_FAMILY = "1,2";
			};
			name = Debug;
		};
		2C1539CA2030CC1D00D12CDA /* Release */ = {
			isa = XCBuildConfiguration;
			buildSettings = {
				CODE_SIGN_IDENTITY = "";
				CODE_SIGN_STYLE = Automatic;
				DEFINES_MODULE = YES;
				DEVELOPMENT_TEAM = 23JSUJ9XPG;
				DYLIB_COMPATIBILITY_VERSION = 1;
				DYLIB_CURRENT_VERSION = 1;
				DYLIB_INSTALL_NAME_BASE = "@rpath";
				GCC_WARN_INHIBIT_ALL_WARNINGS = YES;
				INFOPLIST_FILE = GaugeView/Info.plist;
				INSTALL_PATH = "$(LOCAL_LIBRARY_DIR)/Frameworks";
				IPHONEOS_DEPLOYMENT_TARGET = 9.0;
				LD_RUNPATH_SEARCH_PATHS = "$(inherited) @executable_path/Frameworks @loader_path/Frameworks";
				PRODUCT_BUNDLE_IDENTIFIER = com.ran.GaugeView;
				PRODUCT_NAME = "$(TARGET_NAME:c99extidentifier)";
				SKIP_INSTALL = YES;
				TARGETED_DEVICE_FAMILY = "1,2";
			};
			name = Release;
		};
/* End XCBuildConfiguration section */

/* Begin XCConfigurationList section */
		2C1539BA2030CC1D00D12CDA /* Build configuration list for PBXProject "GaugeView" */ = {
			isa = XCConfigurationList;
			buildConfigurations = (
				2C1539C62030CC1D00D12CDA /* Debug */,
				2C1539C72030CC1D00D12CDA /* Release */,
			);
			defaultConfigurationIsVisible = 0;
			defaultConfigurationName = Release;
		};
		2C1539C82030CC1D00D12CDA /* Build configuration list for PBXNativeTarget "GaugeView" */ = {
			isa = XCConfigurationList;
			buildConfigurations = (
				2C1539C92030CC1D00D12CDA /* Debug */,
				2C1539CA2030CC1D00D12CDA /* Release */,
			);
			defaultConfigurationIsVisible = 0;
			defaultConfigurationName = Release;
		};
/* End XCConfigurationList section */
	};
	rootObject = 2C1539B72030CC1D00D12CDA /* Project object */;
}
