// !$*UTF8*$!
{
	archiveVersion = 1;
	classes = {
	};
	objectVersion = 46;
	objects = {

/* Begin PBXBuildFile section */
		2C068B73204AB8BA00B4A9B8 /* FoundationUtils.framework in Frameworks */ = {isa = PBXBuildFile; fileRef = 2C49D6FA1F63F40B00627EC4 /* FoundationUtils.framework */; };
		2C068B74204AB8BA00B4A9B8 /* FoundationUtils.framework in Embed Frameworks */ = {isa = PBXBuildFile; fileRef = 2C49D6FA1F63F40B00627EC4 /* FoundationUtils.framework */; settings = {ATTRIBUTES = (CodeSignOnCopy, RemoveHeadersOnCopy, ); }; };
		2C0714AD1F6D5073006EE4A6 /* Localizable.strings in Resources */ = {isa = PBXBuildFile; fileRef = 2C0714AF1F6D5073006EE4A6 /* Localizable.strings */; };
		2C0714E11F6DB1EE006EE4A6 /* BillView.m in Sources */ = {isa = PBXBuildFile; fileRef = 2C0714E01F6DB1EE006EE4A6 /* BillView.m */; };
		2C49D6271F63F02300627EC4 /* main.m in Sources */ = {isa = PBXBuildFile; fileRef = 2C49D6261F63F02300627EC4 /* main.m */; };
		2C49D62A1F63F02300627EC4 /* AppDelegate.m in Sources */ = {isa = PBXBuildFile; fileRef = 2C49D6291F63F02300627EC4 /* AppDelegate.m */; };
		2C49D6321F63F02300627EC4 /* Assets.xcassets in Resources */ = {isa = PBXBuildFile; fileRef = 2C49D6311F63F02300627EC4 /* Assets.xcassets */; };
		2C49D6351F63F02300627EC4 /* LaunchScreen.storyboard in Resources */ = {isa = PBXBuildFile; fileRef = 2C49D6331F63F02300627EC4 /* LaunchScreen.storyboard */; };
		2C49D6401F63F02300627EC4 /* LiftagoCheckerTests.m in Sources */ = {isa = PBXBuildFile; fileRef = 2C49D63F1F63F02300627EC4 /* LiftagoCheckerTests.m */; };
		2C49D7111F64147700627EC4 /* BillViewController.m in Sources */ = {isa = PBXBuildFile; fileRef = 2C49D7101F64147700627EC4 /* BillViewController.m */; };
		2C49D7191F641ACE00627EC4 /* GoogleService-Info.plist in Resources */ = {isa = PBXBuildFile; fileRef = 2C49D7181F641ACE00627EC4 /* GoogleService-Info.plist */; };
		2C60FBA41F6D494500CD7B2A /* GMailService.framework in Frameworks */ = {isa = PBXBuildFile; fileRef = 2CA091E41F6D3E740088604C /* GMailService.framework */; };
		2C60FBA51F6D494500CD7B2A /* GMailService.framework in Embed Frameworks */ = {isa = PBXBuildFile; fileRef = 2CA091E41F6D3E740088604C /* GMailService.framework */; settings = {ATTRIBUTES = (CodeSignOnCopy, RemoveHeadersOnCopy, ); }; };
		2C6A35DD20EE96E6002F8C4B /* GaugeViewController+FactoryMethod.m in Sources */ = {isa = PBXBuildFile; fileRef = 2C6A35DC20EE96E6002F8C4B /* GaugeViewController+FactoryMethod.m */; };
		2C6A35E520EEA1F8002F8C4B /* LoginView.m in Sources */ = {isa = PBXBuildFile; fileRef = 2C6A35E420EEA1F8002F8C4B /* LoginView.m */; };
		2C828A1720BC7BFD0017498F /* CoreDataModel.xcdatamodeld in Sources */ = {isa = PBXBuildFile; fileRef = 2C828A1520BC7BFD0017498F /* CoreDataModel.xcdatamodeld */; };
		2C828A3B20BC7E2B0017498F /* BillEntry+CoreDataClass.m in Sources */ = {isa = PBXBuildFile; fileRef = 2C828A3520BC7E2B0017498F /* BillEntry+CoreDataClass.m */; };
		2C828A3C20BC7E2B0017498F /* BillEntry+CoreDataProperties.m in Sources */ = {isa = PBXBuildFile; fileRef = 2C828A3620BC7E2B0017498F /* BillEntry+CoreDataProperties.m */; };
		2C828A3D20BC7E2B0017498F /* Bill+CoreDataClass.m in Sources */ = {isa = PBXBuildFile; fileRef = 2C828A3920BC7E2B0017498F /* Bill+CoreDataClass.m */; };
		2C828A3E20BC7E2B0017498F /* Bill+CoreDataProperties.m in Sources */ = {isa = PBXBuildFile; fileRef = 2C828A3A20BC7E2B0017498F /* Bill+CoreDataProperties.m */; };
		2C828A4120BC82FD0017498F /* NetworkController.m in Sources */ = {isa = PBXBuildFile; fileRef = 2C828A4020BC82FD0017498F /* NetworkController.m */; };
		2C9A4BD420EEA9B000A93454 /* NSError+GIDSignIn.m in Sources */ = {isa = PBXBuildFile; fileRef = 2C9A4BD320EEA9B000A93454 /* NSError+GIDSignIn.m */; };
		2C9A4C0120EF71BA00A93454 /* CoreAssembly.m in Sources */ = {isa = PBXBuildFile; fileRef = 2C9A4C0020EF71BA00A93454 /* CoreAssembly.m */; };
		2C9A4C1420EFF93100A93454 /* GMailFilterQueryProvider.m in Sources */ = {isa = PBXBuildFile; fileRef = 2C9A4C1320EFF93100A93454 /* GMailFilterQueryProvider.m */; };
		2CA5965920C0935E00006710 /* AppCoordinator.m in Sources */ = {isa = PBXBuildFile; fileRef = 2CA5965820C0935E00006710 /* AppCoordinator.m */; };
		2CD6040320CF0FD70006B7A2 /* LoginViewController.m in Sources */ = {isa = PBXBuildFile; fileRef = 2CD6040220CF0FD70006B7A2 /* LoginViewController.m */; };
		2CD81CC420EE53D4003708DB /* OverviewViewController.m in Sources */ = {isa = PBXBuildFile; fileRef = 2CD81CC320EE53D3003708DB /* OverviewViewController.m */; };
		2CD81CC920EE53E2003708DB /* BaseLayoutView.m in Sources */ = {isa = PBXBuildFile; fileRef = 2CD81CC820EE53E2003708DB /* BaseLayoutView.m */; };
		2CD81CCF20EE5486003708DB /* LoadingViewController.m in Sources */ = {isa = PBXBuildFile; fileRef = 2CD81CCE20EE5486003708DB /* LoadingViewController.m */; };
		2CD81CD320EE8323003708DB /* UIViewController+Containment.m in Sources */ = {isa = PBXBuildFile; fileRef = 2CD81CD220EE8323003708DB /* UIViewController+Containment.m */; };
		2CDDC5A020C2F47F00F492B7 /* LiftagoSnippetMessageParser.m in Sources */ = {isa = PBXBuildFile; fileRef = 2CDDC59F20C2F47F00F492B7 /* LiftagoSnippetMessageParser.m */; };
		2CDDC5A320C2FB6500F492B7 /* LiftagoCzechSnippetMessageParser.m in Sources */ = {isa = PBXBuildFile; fileRef = 2CDDC5A220C2FB6500F492B7 /* LiftagoCzechSnippetMessageParser.m */; };
		2CDDC5A620C2FB7A00F492B7 /* LiftagoEnglishSnippetMessageParser.m in Sources */ = {isa = PBXBuildFile; fileRef = 2CDDC5A520C2FB7A00F492B7 /* LiftagoEnglishSnippetMessageParser.m */; };
		2CDDC5AA20C2FD1600F492B7 /* Bill+SnippetMessageParser.m in Sources */ = {isa = PBXBuildFile; fileRef = 2CDDC5A920C2FD1600F492B7 /* Bill+SnippetMessageParser.m */; };
		2CDDC5AD20C3038100F492B7 /* NSManagedObject+FindOrCreate.m in Sources */ = {isa = PBXBuildFile; fileRef = 2CDDC5AC20C3038100F492B7 /* NSManagedObject+FindOrCreate.m */; };
		2CE20D3C2030A9FD001E5890 /* UIViewController+Alerts.m in Sources */ = {isa = PBXBuildFile; fileRef = 2CE20D3B2030A9FD001E5890 /* UIViewController+Alerts.m */; };
		2CE270BD20A6FA9300E8F624 /* GaugeView.framework in Frameworks */ = {isa = PBXBuildFile; fileRef = 2CE270A820A6F9B200E8F624 /* GaugeView.framework */; };
		2CE270BE20A6FA9300E8F624 /* GaugeView.framework in Embed Frameworks */ = {isa = PBXBuildFile; fileRef = 2CE270A820A6F9B200E8F624 /* GaugeView.framework */; settings = {ATTRIBUTES = (CodeSignOnCopy, RemoveHeadersOnCopy, ); }; };
		971BB0A421E82B2078CD1C82 /* libPods-LiftagoChecker.a in Frameworks */ = {isa = PBXBuildFile; fileRef = 9C60B6BA53B9B53F77EDFE19 /* libPods-LiftagoChecker.a */; };
/* End PBXBuildFile section */

/* Begin PBXContainerItemProxy section */
		2C068B75204AB8BA00B4A9B8 /* PBXContainerItemProxy */ = {
			isa = PBXContainerItemProxy;
			containerPortal = 2C49D6F41F63F40A00627EC4 /* FoundationUtils.xcodeproj */;
			proxyType = 1;
			remoteGlobalIDString = 2C49D6D91F63F40A00627EC4;
			remoteInfo = FoundationUtils;
		};
		2C49D63C1F63F02300627EC4 /* PBXContainerItemProxy */ = {
			isa = PBXContainerItemProxy;
			containerPortal = 2C49D61A1F63F02300627EC4 /* Project object */;
			proxyType = 1;
			remoteGlobalIDString = 2C49D6211F63F02300627EC4;
			remoteInfo = LiftagoChecker;
		};
		2C49D6F91F63F40B00627EC4 /* PBXContainerItemProxy */ = {
			isa = PBXContainerItemProxy;
			containerPortal = 2C49D6F41F63F40A00627EC4 /* FoundationUtils.xcodeproj */;
			proxyType = 2;
			remoteGlobalIDString = 2C49D6DA1F63F40A00627EC4;
			remoteInfo = FoundationUtils;
		};
		2C49D6FB1F63F40B00627EC4 /* PBXContainerItemProxy */ = {
			isa = PBXContainerItemProxy;
			containerPortal = 2C49D6F41F63F40A00627EC4 /* FoundationUtils.xcodeproj */;
			proxyType = 2;
			remoteGlobalIDString = 2C49D6E31F63F40A00627EC4;
			remoteInfo = FoundationUtilsTests;
		};
		2C60FBA61F6D494500CD7B2A /* PBXContainerItemProxy */ = {
			isa = PBXContainerItemProxy;
			containerPortal = 2CA091DE1F6D3E730088604C /* GMailService.xcodeproj */;
			proxyType = 1;
			remoteGlobalIDString = 2CA091C31F6D3E730088604C;
			remoteInfo = GMailService;
		};
		2CA091E31F6D3E740088604C /* PBXContainerItemProxy */ = {
			isa = PBXContainerItemProxy;
			containerPortal = 2CA091DE1F6D3E730088604C /* GMailService.xcodeproj */;
			proxyType = 2;
			remoteGlobalIDString = 2CA091C41F6D3E730088604C;
			remoteInfo = GMailService;
		};
		2CA091E51F6D3E740088604C /* PBXContainerItemProxy */ = {
			isa = PBXContainerItemProxy;
			containerPortal = 2CA091DE1F6D3E730088604C /* GMailService.xcodeproj */;
			proxyType = 2;
			remoteGlobalIDString = 2CA091CD1F6D3E730088604C;
			remoteInfo = GMailServiceTests;
		};
		2CE270A720A6F9B200E8F624 /* PBXContainerItemProxy */ = {
			isa = PBXContainerItemProxy;
			containerPortal = 2CE270A220A6F9B200E8F624 /* GaugeView.xcodeproj */;
			proxyType = 2;
			remoteGlobalIDString = 2C1539C02030CC1D00D12CDA;
			remoteInfo = GaugeView;
		};
		2CE270BF20A6FA9300E8F624 /* PBXContainerItemProxy */ = {
			isa = PBXContainerItemProxy;
			containerPortal = 2CE270A220A6F9B200E8F624 /* GaugeView.xcodeproj */;
			proxyType = 1;
			remoteGlobalIDString = 2C1539BF2030CC1D00D12CDA;
			remoteInfo = GaugeView;
		};
/* End PBXContainerItemProxy section */

/* Begin PBXCopyFilesBuildPhase section */
		2C49D6C11F63F25A00627EC4 /* Embed Frameworks */ = {
			isa = PBXCopyFilesBuildPhase;
			buildActionMask = 2147483647;
			dstPath = "";
			dstSubfolderSpec = 10;
			files = (
				2CE270BE20A6FA9300E8F624 /* GaugeView.framework in Embed Frameworks */,
				2C60FBA51F6D494500CD7B2A /* GMailService.framework in Embed Frameworks */,
				2C068B74204AB8BA00B4A9B8 /* FoundationUtils.framework in Embed Frameworks */,
			);
			name = "Embed Frameworks";
			runOnlyForDeploymentPostprocessing = 0;
		};
/* End PBXCopyFilesBuildPhase section */

/* Begin PBXFileReference section */
		2A6C47CB799AA56C4C5A121F /* Pods-LiftagoChecker.debug.xcconfig */ = {isa = PBXFileReference; includeInIndex = 1; lastKnownFileType = text.xcconfig; name = "Pods-LiftagoChecker.debug.xcconfig"; path = "../Pods/Target Support Files/Pods-LiftagoChecker/Pods-LiftagoChecker.debug.xcconfig"; sourceTree = "<group>"; };
		2C0714AE1F6D5073006EE4A6 /* en */ = {isa = PBXFileReference; lastKnownFileType = text.plist.strings; name = en; path = en.lproj/Localizable.strings; sourceTree = "<group>"; };
		2C0714B01F6D5084006EE4A6 /* cs */ = {isa = PBXFileReference; lastKnownFileType = text.plist.strings; name = cs; path = cs.lproj/Localizable.strings; sourceTree = "<group>"; };
		2C0714DF1F6DB1EE006EE4A6 /* BillView.h */ = {isa = PBXFileReference; fileEncoding = 4; lastKnownFileType = sourcecode.c.h; path = BillView.h; sourceTree = "<group>"; };
		2C0714E01F6DB1EE006EE4A6 /* BillView.m */ = {isa = PBXFileReference; fileEncoding = 4; lastKnownFileType = sourcecode.c.objc; path = BillView.m; sourceTree = "<group>"; };
		2C1539E32030CF3F00D12CDA /* GaugeView.framework */ = {isa = PBXFileReference; explicitFileType = wrapper.framework; path = GaugeView.framework; sourceTree = BUILT_PRODUCTS_DIR; };
		2C49D6221F63F02300627EC4 /* LiftagoChecker.app */ = {isa = PBXFileReference; explicitFileType = wrapper.application; includeInIndex = 0; path = LiftagoChecker.app; sourceTree = BUILT_PRODUCTS_DIR; };
		2C49D6261F63F02300627EC4 /* main.m */ = {isa = PBXFileReference; lastKnownFileType = sourcecode.c.objc; path = main.m; sourceTree = "<group>"; };
		2C49D6281F63F02300627EC4 /* AppDelegate.h */ = {isa = PBXFileReference; lastKnownFileType = sourcecode.c.h; path = AppDelegate.h; sourceTree = "<group>"; };
		2C49D6291F63F02300627EC4 /* AppDelegate.m */ = {isa = PBXFileReference; lastKnownFileType = sourcecode.c.objc; path = AppDelegate.m; sourceTree = "<group>"; };
		2C49D6311F63F02300627EC4 /* Assets.xcassets */ = {isa = PBXFileReference; lastKnownFileType = folder.assetcatalog; path = Assets.xcassets; sourceTree = "<group>"; };
		2C49D6341F63F02300627EC4 /* Base */ = {isa = PBXFileReference; lastKnownFileType = file.storyboard; name = Base; path = Base.lproj/LaunchScreen.storyboard; sourceTree = "<group>"; };
		2C49D6361F63F02300627EC4 /* Info.plist */ = {isa = PBXFileReference; lastKnownFileType = text.plist.xml; path = Info.plist; sourceTree = "<group>"; };
		2C49D63B1F63F02300627EC4 /* LiftagoCheckerTests.xctest */ = {isa = PBXFileReference; explicitFileType = wrapper.cfbundle; includeInIndex = 0; path = LiftagoCheckerTests.xctest; sourceTree = BUILT_PRODUCTS_DIR; };
		2C49D63F1F63F02300627EC4 /* LiftagoCheckerTests.m */ = {isa = PBXFileReference; lastKnownFileType = sourcecode.c.objc; path = LiftagoCheckerTests.m; sourceTree = "<group>"; };
		2C49D6411F63F02300627EC4 /* Info.plist */ = {isa = PBXFileReference; lastKnownFileType = text.plist.xml; path = Info.plist; sourceTree = "<group>"; };
		2C49D6F41F63F40A00627EC4 /* FoundationUtils.xcodeproj */ = {isa = PBXFileReference; lastKnownFileType = "wrapper.pb-project"; name = FoundationUtils.xcodeproj; path = FoundationUtils/FoundationUtils.xcodeproj; sourceTree = "<group>"; };
		2C49D70F1F64147700627EC4 /* BillViewController.h */ = {isa = PBXFileReference; fileEncoding = 4; lastKnownFileType = sourcecode.c.h; path = BillViewController.h; sourceTree = "<group>"; };
		2C49D7101F64147700627EC4 /* BillViewController.m */ = {isa = PBXFileReference; fileEncoding = 4; lastKnownFileType = sourcecode.c.objc; path = BillViewController.m; sourceTree = "<group>"; };
		2C49D7181F641ACE00627EC4 /* GoogleService-Info.plist */ = {isa = PBXFileReference; fileEncoding = 4; lastKnownFileType = text.plist.xml; path = "GoogleService-Info.plist"; sourceTree = "<group>"; };
		2C6A35DB20EE96E6002F8C4B /* GaugeViewController+FactoryMethod.h */ = {isa = PBXFileReference; lastKnownFileType = sourcecode.c.h; path = "GaugeViewController+FactoryMethod.h"; sourceTree = "<group>"; };
		2C6A35DC20EE96E6002F8C4B /* GaugeViewController+FactoryMethod.m */ = {isa = PBXFileReference; lastKnownFileType = sourcecode.c.objc; path = "GaugeViewController+FactoryMethod.m"; sourceTree = "<group>"; };
		2C6A35E320EEA1F8002F8C4B /* LoginView.h */ = {isa = PBXFileReference; lastKnownFileType = sourcecode.c.h; path = LoginView.h; sourceTree = "<group>"; };
		2C6A35E420EEA1F8002F8C4B /* LoginView.m */ = {isa = PBXFileReference; lastKnownFileType = sourcecode.c.objc; path = LoginView.m; sourceTree = "<group>"; };
		2C828A1620BC7BFD0017498F /* CoreDataModel.xcdatamodel */ = {isa = PBXFileReference; lastKnownFileType = wrapper.xcdatamodel; path = CoreDataModel.xcdatamodel; sourceTree = "<group>"; };
		2C828A3320BC7E2B0017498F /* BillEntry+CoreDataProperties.h */ = {isa = PBXFileReference; lastKnownFileType = sourcecode.c.h; path = "BillEntry+CoreDataProperties.h"; sourceTree = "<group>"; };
		2C828A3420BC7E2B0017498F /* BillEntry+CoreDataClass.h */ = {isa = PBXFileReference; lastKnownFileType = sourcecode.c.h; path = "BillEntry+CoreDataClass.h"; sourceTree = "<group>"; };
		2C828A3520BC7E2B0017498F /* BillEntry+CoreDataClass.m */ = {isa = PBXFileReference; lastKnownFileType = sourcecode.c.objc; path = "BillEntry+CoreDataClass.m"; sourceTree = "<group>"; };
		2C828A3620BC7E2B0017498F /* BillEntry+CoreDataProperties.m */ = {isa = PBXFileReference; lastKnownFileType = sourcecode.c.objc; path = "BillEntry+CoreDataProperties.m"; sourceTree = "<group>"; };
		2C828A3720BC7E2B0017498F /* Bill+CoreDataProperties.h */ = {isa = PBXFileReference; lastKnownFileType = sourcecode.c.h; path = "Bill+CoreDataProperties.h"; sourceTree = "<group>"; };
		2C828A3820BC7E2B0017498F /* Bill+CoreDataClass.h */ = {isa = PBXFileReference; lastKnownFileType = sourcecode.c.h; path = "Bill+CoreDataClass.h"; sourceTree = "<group>"; };
		2C828A3920BC7E2B0017498F /* Bill+CoreDataClass.m */ = {isa = PBXFileReference; lastKnownFileType = sourcecode.c.objc; path = "Bill+CoreDataClass.m"; sourceTree = "<group>"; };
		2C828A3A20BC7E2B0017498F /* Bill+CoreDataProperties.m */ = {isa = PBXFileReference; lastKnownFileType = sourcecode.c.objc; path = "Bill+CoreDataProperties.m"; sourceTree = "<group>"; };
		2C828A3F20BC82FD0017498F /* NetworkController.h */ = {isa = PBXFileReference; lastKnownFileType = sourcecode.c.h; path = NetworkController.h; sourceTree = "<group>"; };
		2C828A4020BC82FD0017498F /* NetworkController.m */ = {isa = PBXFileReference; lastKnownFileType = sourcecode.c.objc; path = NetworkController.m; sourceTree = "<group>"; };
		2C9A4BD220EEA9B000A93454 /* NSError+GIDSignIn.h */ = {isa = PBXFileReference; lastKnownFileType = sourcecode.c.h; path = "NSError+GIDSignIn.h"; sourceTree = "<group>"; };
		2C9A4BD320EEA9B000A93454 /* NSError+GIDSignIn.m */ = {isa = PBXFileReference; lastKnownFileType = sourcecode.c.objc; path = "NSError+GIDSignIn.m"; sourceTree = "<group>"; };
		2C9A4BFF20EF71BA00A93454 /* CoreAssembly.h */ = {isa = PBXFileReference; lastKnownFileType = sourcecode.c.h; path = CoreAssembly.h; sourceTree = "<group>"; };
		2C9A4C0020EF71BA00A93454 /* CoreAssembly.m */ = {isa = PBXFileReference; lastKnownFileType = sourcecode.c.objc; path = CoreAssembly.m; sourceTree = "<group>"; };
		2C9A4C1220EFF93100A93454 /* GMailFilterQueryProvider.h */ = {isa = PBXFileReference; lastKnownFileType = sourcecode.c.h; path = GMailFilterQueryProvider.h; sourceTree = "<group>"; };
		2C9A4C1320EFF93100A93454 /* GMailFilterQueryProvider.m */ = {isa = PBXFileReference; lastKnownFileType = sourcecode.c.objc; path = GMailFilterQueryProvider.m; sourceTree = "<group>"; };
		2CA091DE1F6D3E730088604C /* GMailService.xcodeproj */ = {isa = PBXFileReference; lastKnownFileType = "wrapper.pb-project"; name = GMailService.xcodeproj; path = GMailService/GMailService.xcodeproj; sourceTree = "<group>"; };
		2CA5965720C0935E00006710 /* AppCoordinator.h */ = {isa = PBXFileReference; lastKnownFileType = sourcecode.c.h; path = AppCoordinator.h; sourceTree = "<group>"; };
		2CA5965820C0935E00006710 /* AppCoordinator.m */ = {isa = PBXFileReference; lastKnownFileType = sourcecode.c.objc; path = AppCoordinator.m; sourceTree = "<group>"; };
		2CD6040120CF0FD70006B7A2 /* LoginViewController.h */ = {isa = PBXFileReference; lastKnownFileType = sourcecode.c.h; path = LoginViewController.h; sourceTree = "<group>"; };
		2CD6040220CF0FD70006B7A2 /* LoginViewController.m */ = {isa = PBXFileReference; lastKnownFileType = sourcecode.c.objc; path = LoginViewController.m; sourceTree = "<group>"; };
		2CD81CC220EE53D3003708DB /* OverviewViewController.h */ = {isa = PBXFileReference; lastKnownFileType = sourcecode.c.h; path = OverviewViewController.h; sourceTree = "<group>"; };
		2CD81CC320EE53D3003708DB /* OverviewViewController.m */ = {isa = PBXFileReference; lastKnownFileType = sourcecode.c.objc; path = OverviewViewController.m; sourceTree = "<group>"; };
		2CD81CC720EE53E2003708DB /* BaseLayoutView.h */ = {isa = PBXFileReference; lastKnownFileType = sourcecode.c.h; path = BaseLayoutView.h; sourceTree = "<group>"; };
		2CD81CC820EE53E2003708DB /* BaseLayoutView.m */ = {isa = PBXFileReference; lastKnownFileType = sourcecode.c.objc; path = BaseLayoutView.m; sourceTree = "<group>"; };
		2CD81CCD20EE5486003708DB /* LoadingViewController.h */ = {isa = PBXFileReference; lastKnownFileType = sourcecode.c.h; path = LoadingViewController.h; sourceTree = "<group>"; };
		2CD81CCE20EE5486003708DB /* LoadingViewController.m */ = {isa = PBXFileReference; lastKnownFileType = sourcecode.c.objc; path = LoadingViewController.m; sourceTree = "<group>"; };
		2CD81CD120EE8323003708DB /* UIViewController+Containment.h */ = {isa = PBXFileReference; lastKnownFileType = sourcecode.c.h; path = "UIViewController+Containment.h"; sourceTree = "<group>"; };
		2CD81CD220EE8323003708DB /* UIViewController+Containment.m */ = {isa = PBXFileReference; lastKnownFileType = sourcecode.c.objc; path = "UIViewController+Containment.m"; sourceTree = "<group>"; };
		2CDDC59E20C2F47F00F492B7 /* LiftagoSnippetMessageParser.h */ = {isa = PBXFileReference; lastKnownFileType = sourcecode.c.h; path = LiftagoSnippetMessageParser.h; sourceTree = "<group>"; };
		2CDDC59F20C2F47F00F492B7 /* LiftagoSnippetMessageParser.m */ = {isa = PBXFileReference; lastKnownFileType = sourcecode.c.objc; path = LiftagoSnippetMessageParser.m; sourceTree = "<group>"; };
		2CDDC5A120C2FB6500F492B7 /* LiftagoCzechSnippetMessageParser.h */ = {isa = PBXFileReference; lastKnownFileType = sourcecode.c.h; path = LiftagoCzechSnippetMessageParser.h; sourceTree = "<group>"; };
		2CDDC5A220C2FB6500F492B7 /* LiftagoCzechSnippetMessageParser.m */ = {isa = PBXFileReference; lastKnownFileType = sourcecode.c.objc; path = LiftagoCzechSnippetMessageParser.m; sourceTree = "<group>"; };
		2CDDC5A420C2FB7A00F492B7 /* LiftagoEnglishSnippetMessageParser.h */ = {isa = PBXFileReference; lastKnownFileType = sourcecode.c.h; path = LiftagoEnglishSnippetMessageParser.h; sourceTree = "<group>"; };
		2CDDC5A520C2FB7A00F492B7 /* LiftagoEnglishSnippetMessageParser.m */ = {isa = PBXFileReference; lastKnownFileType = sourcecode.c.objc; path = LiftagoEnglishSnippetMessageParser.m; sourceTree = "<group>"; };
		2CDDC5A820C2FD0600F492B7 /* Bill+SnippetMessageParser.h */ = {isa = PBXFileReference; lastKnownFileType = sourcecode.c.h; path = "Bill+SnippetMessageParser.h"; sourceTree = "<group>"; };
		2CDDC5A920C2FD1600F492B7 /* Bill+SnippetMessageParser.m */ = {isa = PBXFileReference; lastKnownFileType = sourcecode.c.objc; path = "Bill+SnippetMessageParser.m"; sourceTree = "<group>"; };
		2CDDC5AB20C3038100F492B7 /* NSManagedObject+FindOrCreate.h */ = {isa = PBXFileReference; lastKnownFileType = sourcecode.c.h; path = "NSManagedObject+FindOrCreate.h"; sourceTree = "<group>"; };
		2CDDC5AC20C3038100F492B7 /* NSManagedObject+FindOrCreate.m */ = {isa = PBXFileReference; lastKnownFileType = sourcecode.c.objc; path = "NSManagedObject+FindOrCreate.m"; sourceTree = "<group>"; };
		2CE20D3A2030A9FD001E5890 /* UIViewController+Alerts.h */ = {isa = PBXFileReference; lastKnownFileType = sourcecode.c.h; path = "UIViewController+Alerts.h"; sourceTree = "<group>"; };
		2CE20D3B2030A9FD001E5890 /* UIViewController+Alerts.m */ = {isa = PBXFileReference; lastKnownFileType = sourcecode.c.objc; path = "UIViewController+Alerts.m"; sourceTree = "<group>"; };
		2CE270A220A6F9B200E8F624 /* GaugeView.xcodeproj */ = {isa = PBXFileReference; lastKnownFileType = "wrapper.pb-project"; name = GaugeView.xcodeproj; path = GaugeView/GaugeView.xcodeproj; sourceTree = "<group>"; };
		8A0DDDFB5CC0A8BFCCC1644C /* Pods-LiftagoChecker.release.xcconfig */ = {isa = PBXFileReference; includeInIndex = 1; lastKnownFileType = text.xcconfig; name = "Pods-LiftagoChecker.release.xcconfig"; path = "../Pods/Target Support Files/Pods-LiftagoChecker/Pods-LiftagoChecker.release.xcconfig"; sourceTree = "<group>"; };
		9C60B6BA53B9B53F77EDFE19 /* libPods-LiftagoChecker.a */ = {isa = PBXFileReference; explicitFileType = archive.ar; includeInIndex = 0; path = "libPods-LiftagoChecker.a"; sourceTree = BUILT_PRODUCTS_DIR; };
/* End PBXFileReference section */

/* Begin PBXFrameworksBuildPhase section */
		2C49D61F1F63F02300627EC4 /* Frameworks */ = {
			isa = PBXFrameworksBuildPhase;
			buildActionMask = 2147483647;
			files = (
				2C068B73204AB8BA00B4A9B8 /* FoundationUtils.framework in Frameworks */,
				2C60FBA41F6D494500CD7B2A /* GMailService.framework in Frameworks */,
				2CE270BD20A6FA9300E8F624 /* GaugeView.framework in Frameworks */,
				971BB0A421E82B2078CD1C82 /* libPods-LiftagoChecker.a in Frameworks */,
			);
			runOnlyForDeploymentPostprocessing = 0;
		};
		2C49D6381F63F02300627EC4 /* Frameworks */ = {
			isa = PBXFrameworksBuildPhase;
			buildActionMask = 2147483647;
			files = (
			);
			runOnlyForDeploymentPostprocessing = 0;
		};
/* End PBXFrameworksBuildPhase section */

/* Begin PBXGroup section */
		2C49D6191F63F02300627EC4 = {
			isa = PBXGroup;
			children = (
				2CE270A220A6F9B200E8F624 /* GaugeView.xcodeproj */,
				2CA091DE1F6D3E730088604C /* GMailService.xcodeproj */,
				2C49D6F41F63F40A00627EC4 /* FoundationUtils.xcodeproj */,
				2C49D6241F63F02300627EC4 /* LiftagoChecker */,
				2C49D63E1F63F02300627EC4 /* LiftagoCheckerTests */,
				2C49D6231F63F02300627EC4 /* Products */,
				C320AD7B2463FE8EA6FA7B27 /* Pods */,
				4BA9E204C644BF879806BA8C /* Frameworks */,
			);
			sourceTree = "<group>";
		};
		2C49D6231F63F02300627EC4 /* Products */ = {
			isa = PBXGroup;
			children = (
				2C49D6221F63F02300627EC4 /* LiftagoChecker.app */,
				2C49D63B1F63F02300627EC4 /* LiftagoCheckerTests.xctest */,
			);
			name = Products;
			sourceTree = "<group>";
		};
		2C49D6241F63F02300627EC4 /* LiftagoChecker */ = {
			isa = PBXGroup;
			children = (
				2CE20D3D2030ABED001E5890 /* Categories */,
				2CE20D362030A6E8001E5890 /* Model */,
				2C613268204B190B00F1D5B4 /* View */,
				2CA5965720C0935E00006710 /* AppCoordinator.h */,
				2CA5965820C0935E00006710 /* AppCoordinator.m */,
				2C9A4BFF20EF71BA00A93454 /* CoreAssembly.h */,
				2C9A4C0020EF71BA00A93454 /* CoreAssembly.m */,
				2C49D6251F63F02300627EC4 /* Supporting Files */,
			);
			path = LiftagoChecker;
			sourceTree = "<group>";
		};
		2C49D6251F63F02300627EC4 /* Supporting Files */ = {
			isa = PBXGroup;
			children = (
				2C49D6281F63F02300627EC4 /* AppDelegate.h */,
				2C49D6291F63F02300627EC4 /* AppDelegate.m */,
				2C49D6311F63F02300627EC4 /* Assets.xcassets */,
				2C49D6331F63F02300627EC4 /* LaunchScreen.storyboard */,
				2C49D6361F63F02300627EC4 /* Info.plist */,
				2C49D7181F641ACE00627EC4 /* GoogleService-Info.plist */,
				2C49D6261F63F02300627EC4 /* main.m */,
				2C0714AF1F6D5073006EE4A6 /* Localizable.strings */,
			);
			name = "Supporting Files";
			sourceTree = "<group>";
		};
		2C49D63E1F63F02300627EC4 /* LiftagoCheckerTests */ = {
			isa = PBXGroup;
			children = (
				2C49D63F1F63F02300627EC4 /* LiftagoCheckerTests.m */,
				2C49D6411F63F02300627EC4 /* Info.plist */,
			);
			path = LiftagoCheckerTests;
			sourceTree = "<group>";
		};
		2C49D6F51F63F40A00627EC4 /* Products */ = {
			isa = PBXGroup;
			children = (
				2C49D6FA1F63F40B00627EC4 /* FoundationUtils.framework */,
				2C49D6FC1F63F40B00627EC4 /* FoundationUtilsTests.xctest */,
			);
			name = Products;
			sourceTree = "<group>";
		};
		2C613268204B190B00F1D5B4 /* View */ = {
			isa = PBXGroup;
			children = (
				2CD81CC720EE53E2003708DB /* BaseLayoutView.h */,
				2CD81CC820EE53E2003708DB /* BaseLayoutView.m */,
				2C6A35E720EEA2FF002F8C4B /* OverviewScreen */,
				2C6A35E620EEA2E9002F8C4B /* LoginScreen */,
			);
			path = View;
			sourceTree = "<group>";
		};
		2C6A35E620EEA2E9002F8C4B /* LoginScreen */ = {
			isa = PBXGroup;
			children = (
				2CD6040120CF0FD70006B7A2 /* LoginViewController.h */,
				2CD6040220CF0FD70006B7A2 /* LoginViewController.m */,
				2C6A35E320EEA1F8002F8C4B /* LoginView.h */,
				2C6A35E420EEA1F8002F8C4B /* LoginView.m */,
			);
			name = LoginScreen;
			sourceTree = "<group>";
		};
		2C6A35E720EEA2FF002F8C4B /* OverviewScreen */ = {
			isa = PBXGroup;
			children = (
				2CD81CC220EE53D3003708DB /* OverviewViewController.h */,
				2CD81CC320EE53D3003708DB /* OverviewViewController.m */,
				2C49D70F1F64147700627EC4 /* BillViewController.h */,
				2C49D7101F64147700627EC4 /* BillViewController.m */,
				2C0714DF1F6DB1EE006EE4A6 /* BillView.h */,
				2C0714E01F6DB1EE006EE4A6 /* BillView.m */,
				2CD81CCD20EE5486003708DB /* LoadingViewController.h */,
				2CD81CCE20EE5486003708DB /* LoadingViewController.m */,
			);
			name = OverviewScreen;
			sourceTree = "<group>";
		};
		2C828A5020BDD0FB0017498F /* ModelObjects */ = {
			isa = PBXGroup;
			children = (
				2C828A1520BC7BFD0017498F /* CoreDataModel.xcdatamodeld */,
				2CDDC5AE20C32EE200F492B7 /* Entities */,
				2C828A3420BC7E2B0017498F /* BillEntry+CoreDataClass.h */,
				2C828A3520BC7E2B0017498F /* BillEntry+CoreDataClass.m */,
				2C828A3820BC7E2B0017498F /* Bill+CoreDataClass.h */,
				2C828A3920BC7E2B0017498F /* Bill+CoreDataClass.m */,
				2CDDC5A820C2FD0600F492B7 /* Bill+SnippetMessageParser.h */,
				2CDDC5A920C2FD1600F492B7 /* Bill+SnippetMessageParser.m */,
			);
			name = ModelObjects;
			sourceTree = "<group>";
		};
		2C9A4C1520EFFD1A00A93454 /* GMail */ = {
			isa = PBXGroup;
			children = (
				2C828A3F20BC82FD0017498F /* NetworkController.h */,
				2C828A4020BC82FD0017498F /* NetworkController.m */,
				2C9A4C1220EFF93100A93454 /* GMailFilterQueryProvider.h */,
				2C9A4C1320EFF93100A93454 /* GMailFilterQueryProvider.m */,
			);
			path = GMail;
			sourceTree = "<group>";
		};
		2CA091DF1F6D3E730088604C /* Products */ = {
			isa = PBXGroup;
			children = (
				2CA091E41F6D3E740088604C /* GMailService.framework */,
				2CA091E61F6D3E740088604C /* GMailServiceTests.xctest */,
			);
			name = Products;
			sourceTree = "<group>";
		};
		2CDDC59B20C2F46700F492B7 /* LiftagoMessageParser */ = {
			isa = PBXGroup;
			children = (
				2CDDC59E20C2F47F00F492B7 /* LiftagoSnippetMessageParser.h */,
				2CDDC59F20C2F47F00F492B7 /* LiftagoSnippetMessageParser.m */,
				2CDDC5A720C2FB8B00F492B7 /* Parsers */,
			);
			name = LiftagoMessageParser;
			sourceTree = "<group>";
		};
		2CDDC5A720C2FB8B00F492B7 /* Parsers */ = {
			isa = PBXGroup;
			children = (
				2CDDC5A120C2FB6500F492B7 /* LiftagoCzechSnippetMessageParser.h */,
				2CDDC5A220C2FB6500F492B7 /* LiftagoCzechSnippetMessageParser.m */,
				2CDDC5A420C2FB7A00F492B7 /* LiftagoEnglishSnippetMessageParser.h */,
				2CDDC5A520C2FB7A00F492B7 /* LiftagoEnglishSnippetMessageParser.m */,
			);
			name = Parsers;
			sourceTree = "<group>";
		};
		2CDDC5AE20C32EE200F492B7 /* Entities */ = {
			isa = PBXGroup;
			children = (
				2C828A3320BC7E2B0017498F /* BillEntry+CoreDataProperties.h */,
				2C828A3620BC7E2B0017498F /* BillEntry+CoreDataProperties.m */,
				2C828A3720BC7E2B0017498F /* Bill+CoreDataProperties.h */,
				2C828A3A20BC7E2B0017498F /* Bill+CoreDataProperties.m */,
			);
			name = Entities;
			sourceTree = "<group>";
		};
		2CE20D362030A6E8001E5890 /* Model */ = {
			isa = PBXGroup;
			children = (
				2C9A4C1520EFFD1A00A93454 /* GMail */,
				2C828A5020BDD0FB0017498F /* ModelObjects */,
				2CDDC59B20C2F46700F492B7 /* LiftagoMessageParser */,
			);
			path = Model;
			sourceTree = "<group>";
		};
		2CE20D3D2030ABED001E5890 /* Categories */ = {
			isa = PBXGroup;
			children = (
				2C6A35DB20EE96E6002F8C4B /* GaugeViewController+FactoryMethod.h */,
				2C6A35DC20EE96E6002F8C4B /* GaugeViewController+FactoryMethod.m */,
				2CDDC5AB20C3038100F492B7 /* NSManagedObject+FindOrCreate.h */,
				2CDDC5AC20C3038100F492B7 /* NSManagedObject+FindOrCreate.m */,
				2CE20D3A2030A9FD001E5890 /* UIViewController+Alerts.h */,
				2CE20D3B2030A9FD001E5890 /* UIViewController+Alerts.m */,
				2CD81CD120EE8323003708DB /* UIViewController+Containment.h */,
				2CD81CD220EE8323003708DB /* UIViewController+Containment.m */,
				2C9A4BD220EEA9B000A93454 /* NSError+GIDSignIn.h */,
				2C9A4BD320EEA9B000A93454 /* NSError+GIDSignIn.m */,
			);
			path = Categories;
			sourceTree = "<group>";
		};
		2CE270A320A6F9B200E8F624 /* Products */ = {
			isa = PBXGroup;
			children = (
				2CE270A820A6F9B200E8F624 /* GaugeView.framework */,
			);
			name = Products;
			sourceTree = "<group>";
		};
		4BA9E204C644BF879806BA8C /* Frameworks */ = {
			isa = PBXGroup;
			children = (
				2C1539E32030CF3F00D12CDA /* GaugeView.framework */,
				9C60B6BA53B9B53F77EDFE19 /* libPods-LiftagoChecker.a */,
			);
			name = Frameworks;
			sourceTree = "<group>";
		};
		C320AD7B2463FE8EA6FA7B27 /* Pods */ = {
			isa = PBXGroup;
			children = (
				2A6C47CB799AA56C4C5A121F /* Pods-LiftagoChecker.debug.xcconfig */,
				8A0DDDFB5CC0A8BFCCC1644C /* Pods-LiftagoChecker.release.xcconfig */,
			);
			name = Pods;
			sourceTree = "<group>";
		};
/* End PBXGroup section */

/* Begin PBXNativeTarget section */
		2C49D6211F63F02300627EC4 /* LiftagoChecker */ = {
			isa = PBXNativeTarget;
			buildConfigurationList = 2C49D6441F63F02300627EC4 /* Build configuration list for PBXNativeTarget "LiftagoChecker" */;
			buildPhases = (
				0AE7D0891BC7FABC1CFD1D52 /* [CP] Check Pods Manifest.lock */,
				2C49D61E1F63F02300627EC4 /* Sources */,
				2C49D61F1F63F02300627EC4 /* Frameworks */,
				2C49D6201F63F02300627EC4 /* Resources */,
				2C49D6C11F63F25A00627EC4 /* Embed Frameworks */,
				49433B10E34951AD25B2388F /* [CP] Copy Pods Resources */,
			);
			buildRules = (
			);
			dependencies = (
				2C60FBA71F6D494500CD7B2A /* PBXTargetDependency */,
				2C068B76204AB8BA00B4A9B8 /* PBXTargetDependency */,
				2CE270C020A6FA9300E8F624 /* PBXTargetDependency */,
			);
			name = LiftagoChecker;
			productName = LiftagoChecker;
			productReference = 2C49D6221F63F02300627EC4 /* LiftagoChecker.app */;
			productType = "com.apple.product-type.application";
		};
		2C49D63A1F63F02300627EC4 /* LiftagoCheckerTests */ = {
			isa = PBXNativeTarget;
			buildConfigurationList = 2C49D6471F63F02300627EC4 /* Build configuration list for PBXNativeTarget "LiftagoCheckerTests" */;
			buildPhases = (
				2C49D6371F63F02300627EC4 /* Sources */,
				2C49D6381F63F02300627EC4 /* Frameworks */,
				2C49D6391F63F02300627EC4 /* Resources */,
			);
			buildRules = (
			);
			dependencies = (
				2C49D63D1F63F02300627EC4 /* PBXTargetDependency */,
			);
			name = LiftagoCheckerTests;
			productName = LiftagoCheckerTests;
			productReference = 2C49D63B1F63F02300627EC4 /* LiftagoCheckerTests.xctest */;
			productType = "com.apple.product-type.bundle.unit-test";
		};
/* End PBXNativeTarget section */

/* Begin PBXProject section */
		2C49D61A1F63F02300627EC4 /* Project object */ = {
			isa = PBXProject;
			attributes = {
				LastUpgradeCheck = 0930;
				ORGANIZATIONNAME = "Radek Pistelak";
				TargetAttributes = {
					2C49D6211F63F02300627EC4 = {
						CreatedOnToolsVersion = 8.3.2;
						DevelopmentTeam = G44VYF3687;
						ProvisioningStyle = Automatic;
					};
					2C49D63A1F63F02300627EC4 = {
						CreatedOnToolsVersion = 8.3.2;
						DevelopmentTeam = 23JSUJ9XPG;
						ProvisioningStyle = Automatic;
						TestTargetID = 2C49D6211F63F02300627EC4;
					};
				};
			};
			buildConfigurationList = 2C49D61D1F63F02300627EC4 /* Build configuration list for PBXProject "LiftagoChecker" */;
			compatibilityVersion = "Xcode 3.2";
			developmentRegion = English;
			hasScannedForEncodings = 0;
			knownRegions = (
				en,
				Base,
				cs,
			);
			mainGroup = 2C49D6191F63F02300627EC4;
			productRefGroup = 2C49D6231F63F02300627EC4 /* Products */;
			projectDirPath = "";
			projectReferences = (
				{
					ProductGroup = 2C49D6F51F63F40A00627EC4 /* Products */;
					ProjectRef = 2C49D6F41F63F40A00627EC4 /* FoundationUtils.xcodeproj */;
				},
				{
					ProductGroup = 2CE270A320A6F9B200E8F624 /* Products */;
					ProjectRef = 2CE270A220A6F9B200E8F624 /* GaugeView.xcodeproj */;
				},
				{
					ProductGroup = 2CA091DF1F6D3E730088604C /* Products */;
					ProjectRef = 2CA091DE1F6D3E730088604C /* GMailService.xcodeproj */;
				},
			);
			projectRoot = "";
			targets = (
				2C49D6211F63F02300627EC4 /* LiftagoChecker */,
				2C49D63A1F63F02300627EC4 /* LiftagoCheckerTests */,
			);
		};
/* End PBXProject section */

/* Begin PBXReferenceProxy section */
		2C49D6FA1F63F40B00627EC4 /* FoundationUtils.framework */ = {
			isa = PBXReferenceProxy;
			fileType = wrapper.framework;
			path = FoundationUtils.framework;
			remoteRef = 2C49D6F91F63F40B00627EC4 /* PBXContainerItemProxy */;
			sourceTree = BUILT_PRODUCTS_DIR;
		};
		2C49D6FC1F63F40B00627EC4 /* FoundationUtilsTests.xctest */ = {
			isa = PBXReferenceProxy;
			fileType = wrapper.cfbundle;
			path = FoundationUtilsTests.xctest;
			remoteRef = 2C49D6FB1F63F40B00627EC4 /* PBXContainerItemProxy */;
			sourceTree = BUILT_PRODUCTS_DIR;
		};
		2CA091E41F6D3E740088604C /* GMailService.framework */ = {
			isa = PBXReferenceProxy;
			fileType = wrapper.framework;
			path = GMailService.framework;
			remoteRef = 2CA091E31F6D3E740088604C /* PBXContainerItemProxy */;
			sourceTree = BUILT_PRODUCTS_DIR;
		};
		2CA091E61F6D3E740088604C /* GMailServiceTests.xctest */ = {
			isa = PBXReferenceProxy;
			fileType = wrapper.cfbundle;
			path = GMailServiceTests.xctest;
			remoteRef = 2CA091E51F6D3E740088604C /* PBXContainerItemProxy */;
			sourceTree = BUILT_PRODUCTS_DIR;
		};
		2CE270A820A6F9B200E8F624 /* GaugeView.framework */ = {
			isa = PBXReferenceProxy;
			fileType = wrapper.framework;
			path = GaugeView.framework;
			remoteRef = 2CE270A720A6F9B200E8F624 /* PBXContainerItemProxy */;
			sourceTree = BUILT_PRODUCTS_DIR;
		};
/* End PBXReferenceProxy section */

/* Begin PBXResourcesBuildPhase section */
		2C49D6201F63F02300627EC4 /* Resources */ = {
			isa = PBXResourcesBuildPhase;
			buildActionMask = 2147483647;
			files = (
				2C49D6351F63F02300627EC4 /* LaunchScreen.storyboard in Resources */,
				2C0714AD1F6D5073006EE4A6 /* Localizable.strings in Resources */,
				2C49D6321F63F02300627EC4 /* Assets.xcassets in Resources */,
				2C49D7191F641ACE00627EC4 /* GoogleService-Info.plist in Resources */,
			);
			runOnlyForDeploymentPostprocessing = 0;
		};
		2C49D6391F63F02300627EC4 /* Resources */ = {
			isa = PBXResourcesBuildPhase;
			buildActionMask = 2147483647;
			files = (
			);
			runOnlyForDeploymentPostprocessing = 0;
		};
/* End PBXResourcesBuildPhase section */

/* Begin PBXShellScriptBuildPhase section */
		0AE7D0891BC7FABC1CFD1D52 /* [CP] Check Pods Manifest.lock */ = {
			isa = PBXShellScriptBuildPhase;
			buildActionMask = 2147483647;
			files = (
			);
			inputPaths = (
				"${PODS_PODFILE_DIR_PATH}/Podfile.lock",
				"${PODS_ROOT}/Manifest.lock",
			);
			name = "[CP] Check Pods Manifest.lock";
			outputPaths = (
				"$(DERIVED_FILE_DIR)/Pods-LiftagoChecker-checkManifestLockResult.txt",
			);
			runOnlyForDeploymentPostprocessing = 0;
			shellPath = /bin/sh;
			shellScript = "diff \"${PODS_PODFILE_DIR_PATH}/Podfile.lock\" \"${PODS_ROOT}/Manifest.lock\" > /dev/null\nif [ $? != 0 ] ; then\n    # print error to STDERR\n    echo \"error: The sandbox is not in sync with the Podfile.lock. Run 'pod install' or update your CocoaPods installation.\" >&2\n    exit 1\nfi\n# This output is used by Xcode 'outputs' to avoid re-running this script phase.\necho \"SUCCESS\" > \"${SCRIPT_OUTPUT_FILE_0}\"\n";
			showEnvVarsInLog = 0;
		};
		49433B10E34951AD25B2388F /* [CP] Copy Pods Resources */ = {
			isa = PBXShellScriptBuildPhase;
			buildActionMask = 2147483647;
			files = (
			);
			inputPaths = (
				"${SRCROOT}/../Pods/Target Support Files/Pods-LiftagoChecker/Pods-LiftagoChecker-resources.sh",
				"${PODS_ROOT}/GTMOAuth2/Source/Touch/GTMOAuth2ViewTouch.xib",
				"${PODS_ROOT}/GoogleSignIn/Resources/GoogleSignIn.bundle",
			);
			name = "[CP] Copy Pods Resources";
			outputPaths = (
				"${TARGET_BUILD_DIR}/${UNLOCALIZED_RESOURCES_FOLDER_PATH}/GTMOAuth2ViewTouch.nib",
				"${TARGET_BUILD_DIR}/${UNLOCALIZED_RESOURCES_FOLDER_PATH}/GoogleSignIn.bundle",
			);
			runOnlyForDeploymentPostprocessing = 0;
			shellPath = /bin/sh;
			shellScript = "\"${SRCROOT}/../Pods/Target Support Files/Pods-LiftagoChecker/Pods-LiftagoChecker-resources.sh\"\n";
			showEnvVarsInLog = 0;
		};
/* End PBXShellScriptBuildPhase section */

/* Begin PBXSourcesBuildPhase section */
		2C49D61E1F63F02300627EC4 /* Sources */ = {
			isa = PBXSourcesBuildPhase;
			buildActionMask = 2147483647;
			files = (
				2C49D7111F64147700627EC4 /* BillViewController.m in Sources */,
				2C828A1720BC7BFD0017498F /* CoreDataModel.xcdatamodeld in Sources */,
				2CDDC5A020C2F47F00F492B7 /* LiftagoSnippetMessageParser.m in Sources */,
				2CDDC5AD20C3038100F492B7 /* NSManagedObject+FindOrCreate.m in Sources */,
				2CDDC5A620C2FB7A00F492B7 /* LiftagoEnglishSnippetMessageParser.m in Sources */,
				2CD81CC420EE53D4003708DB /* OverviewViewController.m in Sources */,
				2C828A3D20BC7E2B0017498F /* Bill+CoreDataClass.m in Sources */,
				2C9A4BD420EEA9B000A93454 /* NSError+GIDSignIn.m in Sources */,
				2CD81CC920EE53E2003708DB /* BaseLayoutView.m in Sources */,
				2C0714E11F6DB1EE006EE4A6 /* BillView.m in Sources */,
				2C6A35DD20EE96E6002F8C4B /* GaugeViewController+FactoryMethod.m in Sources */,
				2C49D62A1F63F02300627EC4 /* AppDelegate.m in Sources */,
				2CD81CD320EE8323003708DB /* UIViewController+Containment.m in Sources */,
				2C6A35E520EEA1F8002F8C4B /* LoginView.m in Sources */,
				2C9A4C0120EF71BA00A93454 /* CoreAssembly.m in Sources */,
				2CE20D3C2030A9FD001E5890 /* UIViewController+Alerts.m in Sources */,
				2C828A3E20BC7E2B0017498F /* Bill+CoreDataProperties.m in Sources */,
				2C9A4C1420EFF93100A93454 /* GMailFilterQueryProvider.m in Sources */,
				2CDDC5A320C2FB6500F492B7 /* LiftagoCzechSnippetMessageParser.m in Sources */,
				2CA5965920C0935E00006710 /* AppCoordinator.m in Sources */,
				2CD81CCF20EE5486003708DB /* LoadingViewController.m in Sources */,
				2C828A3B20BC7E2B0017498F /* BillEntry+CoreDataClass.m in Sources */,
				2C828A3C20BC7E2B0017498F /* BillEntry+CoreDataProperties.m in Sources */,
				2CD6040320CF0FD70006B7A2 /* LoginViewController.m in Sources */,
				2CDDC5AA20C2FD1600F492B7 /* Bill+SnippetMessageParser.m in Sources */,
				2C49D6271F63F02300627EC4 /* main.m in Sources */,
				2C828A4120BC82FD0017498F /* NetworkController.m in Sources */,
			);
			runOnlyForDeploymentPostprocessing = 0;
		};
		2C49D6371F63F02300627EC4 /* Sources */ = {
			isa = PBXSourcesBuildPhase;
			buildActionMask = 2147483647;
			files = (
				2C49D6401F63F02300627EC4 /* LiftagoCheckerTests.m in Sources */,
			);
			runOnlyForDeploymentPostprocessing = 0;
		};
/* End PBXSourcesBuildPhase section */

/* Begin PBXTargetDependency section */
		2C068B76204AB8BA00B4A9B8 /* PBXTargetDependency */ = {
			isa = PBXTargetDependency;
			name = FoundationUtils;
			targetProxy = 2C068B75204AB8BA00B4A9B8 /* PBXContainerItemProxy */;
		};
		2C49D63D1F63F02300627EC4 /* PBXTargetDependency */ = {
			isa = PBXTargetDependency;
			target = 2C49D6211F63F02300627EC4 /* LiftagoChecker */;
			targetProxy = 2C49D63C1F63F02300627EC4 /* PBXContainerItemProxy */;
		};
		2C60FBA71F6D494500CD7B2A /* PBXTargetDependency */ = {
			isa = PBXTargetDependency;
			name = GMailService;
			targetProxy = 2C60FBA61F6D494500CD7B2A /* PBXContainerItemProxy */;
		};
		2CE270C020A6FA9300E8F624 /* PBXTargetDependency */ = {
			isa = PBXTargetDependency;
			name = GaugeView;
			targetProxy = 2CE270BF20A6FA9300E8F624 /* PBXContainerItemProxy */;
		};
/* End PBXTargetDependency section */

/* Begin PBXVariantGroup section */
		2C0714AF1F6D5073006EE4A6 /* Localizable.strings */ = {
			isa = PBXVariantGroup;
			children = (
				2C0714AE1F6D5073006EE4A6 /* en */,
				2C0714B01F6D5084006EE4A6 /* cs */,
			);
			name = Localizable.strings;
			sourceTree = "<group>";
		};
		2C49D6331F63F02300627EC4 /* LaunchScreen.storyboard */ = {
			isa = PBXVariantGroup;
			children = (
				2C49D6341F63F02300627EC4 /* Base */,
			);
			name = LaunchScreen.storyboard;
			sourceTree = "<group>";
		};
/* End PBXVariantGroup section */

/* Begin XCBuildConfiguration section */
		2C49D6421F63F02300627EC4 /* Debug */ = {
			isa = XCBuildConfiguration;
			buildSettings = {
				ALWAYS_SEARCH_USER_PATHS = NO;
				CLANG_ANALYZER_LOCALIZABILITY_NONLOCALIZED = YES;
				CLANG_ANALYZER_NONNULL = YES;
				CLANG_ANALYZER_NUMBER_OBJECT_CONVERSION = YES_AGGRESSIVE;
				CLANG_CXX_LANGUAGE_STANDARD = "gnu++0x";
				CLANG_CXX_LIBRARY = "libc++";
				CLANG_ENABLE_MODULES = YES;
				CLANG_ENABLE_OBJC_ARC = YES;
				CLANG_WARN_BLOCK_CAPTURE_AUTORELEASING = YES;
				CLANG_WARN_BOOL_CONVERSION = YES;
				CLANG_WARN_COMMA = YES;
				CLANG_WARN_CONSTANT_CONVERSION = YES;
				CLANG_WARN_DEPRECATED_OBJC_IMPLEMENTATIONS = YES;
				CLANG_WARN_DIRECT_OBJC_ISA_USAGE = YES_ERROR;
				CLANG_WARN_DOCUMENTATION_COMMENTS = YES;
				CLANG_WARN_EMPTY_BODY = YES;
				CLANG_WARN_ENUM_CONVERSION = YES;
				CLANG_WARN_INFINITE_RECURSION = YES;
				CLANG_WARN_INT_CONVERSION = YES;
				CLANG_WARN_NON_LITERAL_NULL_CONVERSION = YES;
				CLANG_WARN_OBJC_IMPLICIT_RETAIN_SELF = YES;
				CLANG_WARN_OBJC_LITERAL_CONVERSION = YES;
				CLANG_WARN_OBJC_ROOT_CLASS = YES_ERROR;
				CLANG_WARN_RANGE_LOOP_ANALYSIS = YES;
				CLANG_WARN_STRICT_PROTOTYPES = YES;
				CLANG_WARN_SUSPICIOUS_MOVE = YES;
				CLANG_WARN_UNREACHABLE_CODE = YES;
				CLANG_WARN__DUPLICATE_METHOD_MATCH = YES;
				"CODE_SIGN_IDENTITY[sdk=iphoneos*]" = "iPhone Developer";
				COPY_PHASE_STRIP = NO;
				DEBUG_INFORMATION_FORMAT = dwarf;
				ENABLE_STRICT_OBJC_MSGSEND = YES;
				ENABLE_TESTABILITY = YES;
				GCC_C_LANGUAGE_STANDARD = gnu99;
				GCC_DYNAMIC_NO_PIC = NO;
				GCC_NO_COMMON_BLOCKS = YES;
				GCC_OPTIMIZATION_LEVEL = 0;
				GCC_PREPROCESSOR_DEFINITIONS = (
					"DEBUG=1",
					"$(inherited)",
				);
				GCC_WARN_64_TO_32_BIT_CONVERSION = YES;
				GCC_WARN_ABOUT_RETURN_TYPE = YES_ERROR;
				GCC_WARN_UNDECLARED_SELECTOR = YES;
				GCC_WARN_UNINITIALIZED_AUTOS = YES_AGGRESSIVE;
				GCC_WARN_UNUSED_FUNCTION = YES;
				GCC_WARN_UNUSED_VARIABLE = YES;
				IPHONEOS_DEPLOYMENT_TARGET = 10.0;
				MTL_ENABLE_DEBUG_INFO = YES;
				ONLY_ACTIVE_ARCH = YES;
				SDKROOT = iphoneos;
				TARGETED_DEVICE_FAMILY = "1,2";
			};
			name = Debug;
		};
		2C49D6431F63F02300627EC4 /* Release */ = {
			isa = XCBuildConfiguration;
			buildSettings = {
				ALWAYS_SEARCH_USER_PATHS = NO;
				CLANG_ANALYZER_LOCALIZABILITY_NONLOCALIZED = YES;
				CLANG_ANALYZER_NONNULL = YES;
				CLANG_ANALYZER_NUMBER_OBJECT_CONVERSION = YES_AGGRESSIVE;
				CLANG_CXX_LANGUAGE_STANDARD = "gnu++0x";
				CLANG_CXX_LIBRARY = "libc++";
				CLANG_ENABLE_MODULES = YES;
				CLANG_ENABLE_OBJC_ARC = YES;
				CLANG_WARN_BLOCK_CAPTURE_AUTORELEASING = YES;
				CLANG_WARN_BOOL_CONVERSION = YES;
				CLANG_WARN_COMMA = YES;
				CLANG_WARN_CONSTANT_CONVERSION = YES;
				CLANG_WARN_DEPRECATED_OBJC_IMPLEMENTATIONS = YES;
				CLANG_WARN_DIRECT_OBJC_ISA_USAGE = YES_ERROR;
				CLANG_WARN_DOCUMENTATION_COMMENTS = YES;
				CLANG_WARN_EMPTY_BODY = YES;
				CLANG_WARN_ENUM_CONVERSION = YES;
				CLANG_WARN_INFINITE_RECURSION = YES;
				CLANG_WARN_INT_CONVERSION = YES;
				CLANG_WARN_NON_LITERAL_NULL_CONVERSION = YES;
				CLANG_WARN_OBJC_IMPLICIT_RETAIN_SELF = YES;
				CLANG_WARN_OBJC_LITERAL_CONVERSION = YES;
				CLANG_WARN_OBJC_ROOT_CLASS = YES_ERROR;
				CLANG_WARN_RANGE_LOOP_ANALYSIS = YES;
				CLANG_WARN_STRICT_PROTOTYPES = YES;
				CLANG_WARN_SUSPICIOUS_MOVE = YES;
				CLANG_WARN_UNREACHABLE_CODE = YES;
				CLANG_WARN__DUPLICATE_METHOD_MATCH = YES;
				"CODE_SIGN_IDENTITY[sdk=iphoneos*]" = "iPhone Developer";
				COPY_PHASE_STRIP = NO;
				DEBUG_INFORMATION_FORMAT = "dwarf-with-dsym";
				ENABLE_NS_ASSERTIONS = NO;
				ENABLE_STRICT_OBJC_MSGSEND = YES;
				GCC_C_LANGUAGE_STANDARD = gnu99;
				GCC_NO_COMMON_BLOCKS = YES;
				GCC_WARN_64_TO_32_BIT_CONVERSION = YES;
				GCC_WARN_ABOUT_RETURN_TYPE = YES_ERROR;
				GCC_WARN_UNDECLARED_SELECTOR = YES;
				GCC_WARN_UNINITIALIZED_AUTOS = YES_AGGRESSIVE;
				GCC_WARN_UNUSED_FUNCTION = YES;
				GCC_WARN_UNUSED_VARIABLE = YES;
				IPHONEOS_DEPLOYMENT_TARGET = 10.0;
				MTL_ENABLE_DEBUG_INFO = NO;
				SDKROOT = iphoneos;
				TARGETED_DEVICE_FAMILY = "1,2";
				VALIDATE_PRODUCT = YES;
			};
			name = Release;
		};
		2C49D6451F63F02300627EC4 /* Debug */ = {
			isa = XCBuildConfiguration;
			baseConfigurationReference = 2A6C47CB799AA56C4C5A121F /* Pods-LiftagoChecker.debug.xcconfig */;
			buildSettings = {
				ASSETCATALOG_COMPILER_APPICON_NAME = AppIcon;
				DEVELOPMENT_TEAM = G44VYF3687;
				INFOPLIST_FILE = LiftagoChecker/Info.plist;
				IPHONEOS_DEPLOYMENT_TARGET = 10.0;
				LD_RUNPATH_SEARCH_PATHS = "$(inherited) @executable_path/Frameworks";
				PRODUCT_BUNDLE_IDENTIFIER = com.ran.apps.LiftagoChecker;
				PRODUCT_NAME = "$(TARGET_NAME)";
				TARGETED_DEVICE_FAMILY = "1,2";
			};
			name = Debug;
		};
		2C49D6461F63F02300627EC4 /* Release */ = {
			isa = XCBuildConfiguration;
			baseConfigurationReference = 8A0DDDFB5CC0A8BFCCC1644C /* Pods-LiftagoChecker.release.xcconfig */;
			buildSettings = {
				ASSETCATALOG_COMPILER_APPICON_NAME = AppIcon;
				DEVELOPMENT_TEAM = G44VYF3687;
				INFOPLIST_FILE = LiftagoChecker/Info.plist;
				IPHONEOS_DEPLOYMENT_TARGET = 10.0;
				LD_RUNPATH_SEARCH_PATHS = "$(inherited) @executable_path/Frameworks";
				PRODUCT_BUNDLE_IDENTIFIER = com.ran.apps.LiftagoChecker;
				PRODUCT_NAME = "$(TARGET_NAME)";
				TARGETED_DEVICE_FAMILY = "1,2";
			};
			name = Release;
		};
		2C49D6481F63F02300627EC4 /* Debug */ = {
			isa = XCBuildConfiguration;
			buildSettings = {
				BUNDLE_LOADER = "$(TEST_HOST)";
				DEVELOPMENT_TEAM = 23JSUJ9XPG;
				INFOPLIST_FILE = LiftagoCheckerTests/Info.plist;
				LD_RUNPATH_SEARCH_PATHS = "$(inherited) @executable_path/Frameworks @loader_path/Frameworks";
				PRODUCT_BUNDLE_IDENTIFIER = com.ran.apps.LiftagoCheckerTests;
				PRODUCT_NAME = "$(TARGET_NAME)";
				TEST_HOST = "$(BUILT_PRODUCTS_DIR)/LiftagoChecker.app/LiftagoChecker";
			};
			name = Debug;
		};
		2C49D6491F63F02300627EC4 /* Release */ = {
			isa = XCBuildConfiguration;
			buildSettings = {
				BUNDLE_LOADER = "$(TEST_HOST)";
				DEVELOPMENT_TEAM = 23JSUJ9XPG;
				INFOPLIST_FILE = LiftagoCheckerTests/Info.plist;
				LD_RUNPATH_SEARCH_PATHS = "$(inherited) @executable_path/Frameworks @loader_path/Frameworks";
				PRODUCT_BUNDLE_IDENTIFIER = com.ran.apps.LiftagoCheckerTests;
				PRODUCT_NAME = "$(TARGET_NAME)";
				TEST_HOST = "$(BUILT_PRODUCTS_DIR)/LiftagoChecker.app/LiftagoChecker";
			};
			name = Release;
		};
/* End XCBuildConfiguration section */

/* Begin XCConfigurationList section */
		2C49D61D1F63F02300627EC4 /* Build configuration list for PBXProject "LiftagoChecker" */ = {
			isa = XCConfigurationList;
			buildConfigurations = (
				2C49D6421F63F02300627EC4 /* Debug */,
				2C49D6431F63F02300627EC4 /* Release */,
			);
			defaultConfigurationIsVisible = 0;
			defaultConfigurationName = Release;
		};
		2C49D6441F63F02300627EC4 /* Build configuration list for PBXNativeTarget "LiftagoChecker" */ = {
			isa = XCConfigurationList;
			buildConfigurations = (
				2C49D6451F63F02300627EC4 /* Debug */,
				2C49D6461F63F02300627EC4 /* Release */,
			);
			defaultConfigurationIsVisible = 0;
			defaultConfigurationName = Release;
		};
		2C49D6471F63F02300627EC4 /* Build configuration list for PBXNativeTarget "LiftagoCheckerTests" */ = {
			isa = XCConfigurationList;
			buildConfigurations = (
				2C49D6481F63F02300627EC4 /* Debug */,
				2C49D6491F63F02300627EC4 /* Release */,
			);
			defaultConfigurationIsVisible = 0;
			defaultConfigurationName = Release;
		};
/* End XCConfigurationList section */

/* Begin XCVersionGroup section */
		2C828A1520BC7BFD0017498F /* CoreDataModel.xcdatamodeld */ = {
			isa = XCVersionGroup;
			children = (
				2C828A1620BC7BFD0017498F /* CoreDataModel.xcdatamodel */,
			);
			currentVersion = 2C828A1620BC7BFD0017498F /* CoreDataModel.xcdatamodel */;
			path = CoreDataModel.xcdatamodeld;
			sourceTree = "<group>";
			versionGroupType = wrapper.xcdatamodel;
		};
/* End XCVersionGroup section */
	};
	rootObject = 2C49D61A1F63F02300627EC4 /* Project object */;
}
